
Microsoft Visual Studio Solution File, Format Version 12.00
# Visual Studio 2013
VisualStudioVersion = 12.0.31101.0
MinimumVisualStudioVersion = 10.0.40219.1
Project("{FAE04EC0-301F-11D3-BF4B-00C04F79EFBC}") = "Web", "Web\Web.csproj", "{393EFC8B-9DD0-4BAE-8464-88B0231FEF5F}"
EndProject
Project("{2150E333-8FDC-42A3-9474-1A3956D46DE8}") = ".nuget", ".nuget", "{EEBB6565-A0DA-4057-A58C-2AF1D009E6D4}"
	ProjectSection(SolutionItems) = preProject
		.nuget\packages.config = .nuget\packages.config
	EndProjectSection
EndProject
Global
	GlobalSection(SolutionConfigurationPlatforms) = preSolution
		Debug (x64)|Any CPU = Debug (x64)|Any CPU
		Debug (x64)|x64 = Debug (x64)|x64
		Debug (x64)|x86 = Debug (x64)|x86
		Debug|Any CPU = Debug|Any CPU
		Debug|x64 = Debug|x64
		Debug|x86 = Debug|x86
		Debug-QA|Any CPU = Debug-QA|Any CPU
		Debug-QA|x64 = Debug-QA|x64
		Debug-QA|x86 = Debug-QA|x86
		Release (x64)|Any CPU = Release (x64)|Any CPU
		Release (x64)|x64 = Release (x64)|x64
		Release (x64)|x86 = Release (x64)|x86
		Release|Any CPU = Release|Any CPU
		Release|x64 = Release|x64
		Release|x86 = Release|x86
		Release-x64|Any CPU = Release-x64|Any CPU
		Release-x64|x64 = Release-x64|x64
		Release-x64|x86 = Release-x64|x86
		Release-x86|Any CPU = Release-x86|Any CPU
		Release-x86|x64 = Release-x86|x64
		Release-x86|x86 = Release-x86|x86
	EndGlobalSection
	GlobalSection(ProjectConfigurationPlatforms) = postSolution
		{393EFC8B-9DD0-4BAE-8464-88B0231FEF5F}.Debug (x64)|Any CPU.ActiveCfg = Debug|Any CPU
		{393EFC8B-9DD0-4BAE-8464-88B0231FEF5F}.Debug (x64)|Any CPU.Build.0 = Debug|Any CPU
		{393EFC8B-9DD0-4BAE-8464-88B0231FEF5F}.Debug (x64)|x64.ActiveCfg = Debug|Any CPU
		{393EFC8B-9DD0-4BAE-8464-88B0231FEF5F}.Debug (x64)|x86.ActiveCfg = Debug|Any CPU
		{393EFC8B-9DD0-4BAE-8464-88B0231FEF5F}.Debug|Any CPU.ActiveCfg = Debug|Any CPU
		{393EFC8B-9DD0-4BAE-8464-88B0231FEF5F}.Debug|Any CPU.Build.0 = Debug|Any CPU
		{393EFC8B-9DD0-4BAE-8464-88B0231FEF5F}.Debug|x64.ActiveCfg = Debug|Any CPU
		{393EFC8B-9DD0-4BAE-8464-88B0231FEF5F}.Debug|x86.ActiveCfg = Debug|Any CPU
		{393EFC8B-9DD0-4BAE-8464-88B0231FEF5F}.Debug-QA|Any CPU.ActiveCfg = Debug|Any CPU
		{393EFC8B-9DD0-4BAE-8464-88B0231FEF5F}.Debug-QA|Any CPU.Build.0 = Debug|Any CPU
		{393EFC8B-9DD0-4BAE-8464-88B0231FEF5F}.Debug-QA|x64.ActiveCfg = Debug|Any CPU
		{393EFC8B-9DD0-4BAE-8464-88B0231FEF5F}.Debug-QA|x86.ActiveCfg = Debug|Any CPU
		{393EFC8B-9DD0-4BAE-8464-88B0231FEF5F}.Release (x64)|Any CPU.ActiveCfg = Release|Any CPU
		{393EFC8B-9DD0-4BAE-8464-88B0231FEF5F}.Release (x64)|Any CPU.Build.0 = Release|Any CPU
		{393EFC8B-9DD0-4BAE-8464-88B0231FEF5F}.Release (x64)|x64.ActiveCfg = Release|Any CPU
		{393EFC8B-9DD0-4BAE-8464-88B0231FEF5F}.Release (x64)|x86.ActiveCfg = Release|Any CPU
		{393EFC8B-9DD0-4BAE-8464-88B0231FEF5F}.Release|Any CPU.ActiveCfg = Release|Any CPU
		{393EFC8B-9DD0-4BAE-8464-88B0231FEF5F}.Release|Any CPU.Build.0 = Release|Any CPU
		{393EFC8B-9DD0-4BAE-8464-88B0231FEF5F}.Release|x64.ActiveCfg = Release|Any CPU
		{393EFC8B-9DD0-4BAE-8464-88B0231FEF5F}.Release|x86.ActiveCfg = Release|Any CPU
		{393EFC8B-9DD0-4BAE-8464-88B0231FEF5F}.Release-x64|Any CPU.ActiveCfg = Release|Any CPU
		{393EFC8B-9DD0-4BAE-8464-88B0231FEF5F}.Release-x64|Any CPU.Build.0 = Release|Any CPU
		{393EFC8B-9DD0-4BAE-8464-88B0231FEF5F}.Release-x64|x64.ActiveCfg = Release|Any CPU
		{393EFC8B-9DD0-4BAE-8464-88B0231FEF5F}.Release-x64|x86.ActiveCfg = Release|Any CPU
		{393EFC8B-9DD0-4BAE-8464-88B0231FEF5F}.Release-x86|Any CPU.ActiveCfg = Release|Any CPU
		{393EFC8B-9DD0-4BAE-8464-88B0231FEF5F}.Release-x86|Any CPU.Build.0 = Release|Any CPU
		{393EFC8B-9DD0-4BAE-8464-88B0231FEF5F}.Release-x86|x64.ActiveCfg = Release|Any CPU
		{393EFC8B-9DD0-4BAE-8464-88B0231FEF5F}.Release-x86|x86.ActiveCfg = Release|Any CPU
	EndGlobalSection
	GlobalSection(SolutionProperties) = preSolution
		HideSolutionNode = FALSE
	EndGlobalSection
EndGlobal
