
Microsoft Visual Studio Solution File, Format Version 12.00
# Visual Studio 2013
VisualStudioVersion = 12.0.31101.0
MinimumVisualStudioVersion = 10.0.40219.1
Project("{2150E333-8FDC-42A3-9474-1A3956D46DE8}") = "QC Common", "QC Common", "{F361C563-3C94-4717-A36B-1A4289F5E775}"
EndProject
Project("{FAE04EC0-301F-11D3-BF4B-00C04F79EFBC}") = "QC Common", "..\..\..\Quantum Concepts\Quantum Concepts\Common\Common\QC Common.csproj", "{8807828D-DB88-462A-875E-647240D48668}"
EndProject
Project("{FAE04EC0-301F-11D3-BF4B-00C04F79EFBC}") = "QC Common Web", "..\..\..\Quantum Concepts\Quantum Concepts\Common\CommonWeb\QC Common Web.csproj", "{890D3BC7-7BBB-4722-B0AB-2A840379530B}"
EndProject
Project("{FAE04EC0-301F-11D3-BF4B-00C04F79EFBC}") = "QC Common MVC", "..\..\..\Quantum Concepts\Quantum Concepts\Common\CommonMvc\QC Common MVC.csproj", "{98452B67-0A4A-4E91-B152-FF1DF80F718A}"
EndProject
Project("{FAE04EC0-301F-11D3-BF4B-00C04F79EFBC}") = "Web", "Web\Web.csproj", "{393EFC8B-9DD0-4BAE-8464-88B0231FEF5F}"
EndProject
Project("{2150E333-8FDC-42A3-9474-1A3956D46DE8}") = ".nuget", ".nuget", "{EEBB6565-A0DA-4057-A58C-2AF1D009E6D4}"
	ProjectSection(SolutionItems) = preProject
		.nuget\packages.config = .nuget\packages.config
	EndProjectSection
EndProject
Global
	GlobalSection(SolutionConfigurationPlatforms) = preSolution
		Debug (x64)|Any CPU = Debug (x64)|Any CPU
		Debug (x64)|x64 = Debug (x64)|x64
		Debug (x64)|x86 = Debug (x64)|x86
		Debug|Any CPU = Debug|Any CPU
		Debug|x64 = Debug|x64
		Debug|x86 = Debug|x86
		Debug-QA|Any CPU = Debug-QA|Any CPU
		Debug-QA|x64 = Debug-QA|x64
		Debug-QA|x86 = Debug-QA|x86
		Release (x64)|Any CPU = Release (x64)|Any CPU
		Release (x64)|x64 = Release (x64)|x64
		Release (x64)|x86 = Release (x64)|x86
		Release|Any CPU = Release|Any CPU
		Release|x64 = Release|x64
		Release|x86 = Release|x86
		Release-x64|Any CPU = Release-x64|Any CPU
		Release-x64|x64 = Release-x64|x64
		Release-x64|x86 = Release-x64|x86
		Release-x86|Any CPU = Release-x86|Any CPU
		Release-x86|x64 = Release-x86|x64
		Release-x86|x86 = Release-x86|x86
	EndGlobalSection
	GlobalSection(ProjectConfigurationPlatforms) = postSolution
		{8807828D-DB88-462A-875E-647240D48668}.Debug (x64)|Any CPU.ActiveCfg = Debug (x64)|Any CPU
		{8807828D-DB88-462A-875E-647240D48668}.Debug (x64)|Any CPU.Build.0 = Debug (x64)|Any CPU
		{8807828D-DB88-462A-875E-647240D48668}.Debug (x64)|x64.ActiveCfg = Debug (x64)|x64
		{8807828D-DB88-462A-875E-647240D48668}.Debug (x64)|x64.Build.0 = Debug (x64)|x64
		{8807828D-DB88-462A-875E-647240D48668}.Debug (x64)|x86.ActiveCfg = Debug (x64)|x86
		{8807828D-DB88-462A-875E-647240D48668}.Debug (x64)|x86.Build.0 = Debug (x64)|x86
		{8807828D-DB88-462A-875E-647240D48668}.Debug|Any CPU.ActiveCfg = Debug|Any CPU
		{8807828D-DB88-462A-875E-647240D48668}.Debug|Any CPU.Build.0 = Debug|Any CPU
		{8807828D-DB88-462A-875E-647240D48668}.Debug|x64.ActiveCfg = Debug|x64
		{8807828D-DB88-462A-875E-647240D48668}.Debug|x64.Build.0 = Debug|x64
		{8807828D-DB88-462A-875E-647240D48668}.Debug|x86.ActiveCfg = Debug|x86
		{8807828D-DB88-462A-875E-647240D48668}.Debug|x86.Build.0 = Debug|x86
		{8807828D-DB88-462A-875E-647240D48668}.Debug-QA|Any CPU.ActiveCfg = Debug-QA|Any CPU
		{8807828D-DB88-462A-875E-647240D48668}.Debug-QA|Any CPU.Build.0 = Debug-QA|Any CPU
		{8807828D-DB88-462A-875E-647240D48668}.Debug-QA|x64.ActiveCfg = Debug-QA|x64
		{8807828D-DB88-462A-875E-647240D48668}.Debug-QA|x64.Build.0 = Debug-QA|x64
		{8807828D-DB88-462A-875E-647240D48668}.Debug-QA|x86.ActiveCfg = Debug-QA|x86
		{8807828D-DB88-462A-875E-647240D48668}.Debug-QA|x86.Build.0 = Debug-QA|x86
		{8807828D-DB88-462A-875E-647240D48668}.Release (x64)|Any CPU.ActiveCfg = Release (x64)|Any CPU
		{8807828D-DB88-462A-875E-647240D48668}.Release (x64)|Any CPU.Build.0 = Release (x64)|Any CPU
		{8807828D-DB88-462A-875E-647240D48668}.Release (x64)|x64.ActiveCfg = Release (x64)|x64
		{8807828D-DB88-462A-875E-647240D48668}.Release (x64)|x64.Build.0 = Release (x64)|x64
		{8807828D-DB88-462A-875E-647240D48668}.Release (x64)|x86.ActiveCfg = Release (x64)|x86
		{8807828D-DB88-462A-875E-647240D48668}.Release (x64)|x86.Build.0 = Release (x64)|x86
		{8807828D-DB88-462A-875E-647240D48668}.Release|Any CPU.ActiveCfg = Release|Any CPU
		{8807828D-DB88-462A-875E-647240D48668}.Release|Any CPU.Build.0 = Release|Any CPU
		{8807828D-DB88-462A-875E-647240D48668}.Release|x64.ActiveCfg = Release|x64
		{8807828D-DB88-462A-875E-647240D48668}.Release|x64.Build.0 = Release|x64
		{8807828D-DB88-462A-875E-647240D48668}.Release|x86.ActiveCfg = Release|x86
		{8807828D-DB88-462A-875E-647240D48668}.Release|x86.Build.0 = Release|x86
		{8807828D-DB88-462A-875E-647240D48668}.Release-x64|Any CPU.ActiveCfg = Release-x64|Any CPU
		{8807828D-DB88-462A-875E-647240D48668}.Release-x64|Any CPU.Build.0 = Release-x64|Any CPU
		{8807828D-DB88-462A-875E-647240D48668}.Release-x64|x64.ActiveCfg = Release-x64|x64
		{8807828D-DB88-462A-875E-647240D48668}.Release-x64|x64.Build.0 = Release-x64|x64
		{8807828D-DB88-462A-875E-647240D48668}.Release-x64|x86.ActiveCfg = Release-x64|x86
		{8807828D-DB88-462A-875E-647240D48668}.Release-x64|x86.Build.0 = Release-x64|x86
		{8807828D-DB88-462A-875E-647240D48668}.Release-x86|Any CPU.ActiveCfg = Release-x86|Any CPU
		{8807828D-DB88-462A-875E-647240D48668}.Release-x86|Any CPU.Build.0 = Release-x86|Any CPU
		{8807828D-DB88-462A-875E-647240D48668}.Release-x86|x64.ActiveCfg = Release-x86|x64
		{8807828D-DB88-462A-875E-647240D48668}.Release-x86|x64.Build.0 = Release-x86|x64
		{8807828D-DB88-462A-875E-647240D48668}.Release-x86|x86.ActiveCfg = Release-x86|x86
		{8807828D-DB88-462A-875E-647240D48668}.Release-x86|x86.Build.0 = Release-x86|x86
		{890D3BC7-7BBB-4722-B0AB-2A840379530B}.Debug (x64)|Any CPU.ActiveCfg = Debug-QA|Any CPU
		{890D3BC7-7BBB-4722-B0AB-2A840379530B}.Debug (x64)|Any CPU.Build.0 = Debug-QA|Any CPU
		{890D3BC7-7BBB-4722-B0AB-2A840379530B}.Debug (x64)|x64.ActiveCfg = Debug-QA|Any CPU
		{890D3BC7-7BBB-4722-B0AB-2A840379530B}.Debug (x64)|x86.ActiveCfg = Debug-QA|Any CPU
		{890D3BC7-7BBB-4722-B0AB-2A840379530B}.Debug|Any CPU.ActiveCfg = Debug|Any CPU
		{890D3BC7-7BBB-4722-B0AB-2A840379530B}.Debug|Any CPU.Build.0 = Debug|Any CPU
		{890D3BC7-7BBB-4722-B0AB-2A840379530B}.Debug|x64.ActiveCfg = Debug|Any CPU
		{890D3BC7-7BBB-4722-B0AB-2A840379530B}.Debug|x86.ActiveCfg = Debug|Any CPU
		{890D3BC7-7BBB-4722-B0AB-2A840379530B}.Debug-QA|Any CPU.ActiveCfg = Debug-QA|Any CPU
		{890D3BC7-7BBB-4722-B0AB-2A840379530B}.Debug-QA|Any CPU.Build.0 = Debug-QA|Any CPU
		{890D3BC7-7BBB-4722-B0AB-2A840379530B}.Debug-QA|x64.ActiveCfg = Debug-QA|Any CPU
		{890D3BC7-7BBB-4722-B0AB-2A840379530B}.Debug-QA|x86.ActiveCfg = Debug-QA|Any CPU
		{890D3BC7-7BBB-4722-B0AB-2A840379530B}.Release (x64)|Any CPU.ActiveCfg = Release|Any CPU
		{890D3BC7-7BBB-4722-B0AB-2A840379530B}.Release (x64)|Any CPU.Build.0 = Release|Any CPU
		{890D3BC7-7BBB-4722-B0AB-2A840379530B}.Release (x64)|x64.ActiveCfg = Release|Any CPU
		{890D3BC7-7BBB-4722-B0AB-2A840379530B}.Release (x64)|x86.ActiveCfg = Release|Any CPU
		{890D3BC7-7BBB-4722-B0AB-2A840379530B}.Release|Any CPU.ActiveCfg = Release|Any CPU
		{890D3BC7-7BBB-4722-B0AB-2A840379530B}.Release|Any CPU.Build.0 = Release|Any CPU
		{890D3BC7-7BBB-4722-B0AB-2A840379530B}.Release|x64.ActiveCfg = Release|Any CPU
		{890D3BC7-7BBB-4722-B0AB-2A840379530B}.Release|x86.ActiveCfg = Release|Any CPU
		{890D3BC7-7BBB-4722-B0AB-2A840379530B}.Release-x64|Any CPU.ActiveCfg = Release|Any CPU
		{890D3BC7-7BBB-4722-B0AB-2A840379530B}.Release-x64|Any CPU.Build.0 = Release|Any CPU
		{890D3BC7-7BBB-4722-B0AB-2A840379530B}.Release-x64|x64.ActiveCfg = Release|Any CPU
		{890D3BC7-7BBB-4722-B0AB-2A840379530B}.Release-x64|x86.ActiveCfg = Release|Any CPU
		{890D3BC7-7BBB-4722-B0AB-2A840379530B}.Release-x86|Any CPU.ActiveCfg = Release|Any CPU
		{890D3BC7-7BBB-4722-B0AB-2A840379530B}.Release-x86|Any CPU.Build.0 = Release|Any CPU
		{890D3BC7-7BBB-4722-B0AB-2A840379530B}.Release-x86|x64.ActiveCfg = Release|Any CPU
		{890D3BC7-7BBB-4722-B0AB-2A840379530B}.Release-x86|x86.ActiveCfg = Release|Any CPU
		{98452B67-0A4A-4E91-B152-FF1DF80F718A}.Debug (x64)|Any CPU.ActiveCfg = Debug|Any CPU
		{98452B67-0A4A-4E91-B152-FF1DF80F718A}.Debug (x64)|Any CPU.Build.0 = Debug|Any CPU
		{98452B67-0A4A-4E91-B152-FF1DF80F718A}.Debug (x64)|x64.ActiveCfg = Debug|Any CPU
		{98452B67-0A4A-4E91-B152-FF1DF80F718A}.Debug (x64)|x64.Build.0 = Debug|Any CPU
		{98452B67-0A4A-4E91-B152-FF1DF80F718A}.Debug (x64)|x86.ActiveCfg = Debug|Any CPU
		{98452B67-0A4A-4E91-B152-FF1DF80F718A}.Debug (x64)|x86.Build.0 = Debug|Any CPU
		{98452B67-0A4A-4E91-B152-FF1DF80F718A}.Debug|Any CPU.ActiveCfg = Debug|Any CPU
		{98452B67-0A4A-4E91-B152-FF1DF80F718A}.Debug|Any CPU.Build.0 = Debug|Any CPU
		{98452B67-0A4A-4E91-B152-FF1DF80F718A}.Debug|x64.ActiveCfg = Debug|Any CPU
		{98452B67-0A4A-4E91-B152-FF1DF80F718A}.Debug|x64.Build.0 = Debug|Any CPU
		{98452B67-0A4A-4E91-B152-FF1DF80F718A}.Debug|x86.ActiveCfg = Debug|Any CPU
		{98452B67-0A4A-4E91-B152-FF1DF80F718A}.Debug-QA|Any CPU.ActiveCfg = Debug|Any CPU
		{98452B67-0A4A-4E91-B152-FF1DF80F718A}.Debug-QA|Any CPU.Build.0 = Debug|Any CPU
		{98452B67-0A4A-4E91-B152-FF1DF80F718A}.Debug-QA|x64.ActiveCfg = Debug|Any CPU
		{98452B67-0A4A-4E91-B152-FF1DF80F718A}.Debug-QA|x64.Build.0 = Debug|Any CPU
		{98452B67-0A4A-4E91-B152-FF1DF80F718A}.Debug-QA|x86.ActiveCfg = Debug|Any CPU
		{98452B67-0A4A-4E91-B152-FF1DF80F718A}.Debug-QA|x86.Build.0 = Debug|Any CPU
		{98452B67-0A4A-4E91-B152-FF1DF80F718A}.Release (x64)|Any CPU.ActiveCfg = Release|Any CPU
		{98452B67-0A4A-4E91-B152-FF1DF80F718A}.Release (x64)|Any CPU.Build.0 = Release|Any CPU
		{98452B67-0A4A-4E91-B152-FF1DF80F718A}.Release (x64)|x64.ActiveCfg = Release|Any CPU
		{98452B67-0A4A-4E91-B152-FF1DF80F718A}.Release (x64)|x64.Build.0 = Release|Any CPU
		{98452B67-0A4A-4E91-B152-FF1DF80F718A}.Release (x64)|x86.ActiveCfg = Release|Any CPU
		{98452B67-0A4A-4E91-B152-FF1DF80F718A}.Release|Any CPU.ActiveCfg = Release|Any CPU
		{98452B67-0A4A-4E91-B152-FF1DF80F718A}.Release|Any CPU.Build.0 = Release|Any CPU
		{98452B67-0A4A-4E91-B152-FF1DF80F718A}.Release|x64.ActiveCfg = Release|Any CPU
		{98452B67-0A4A-4E91-B152-FF1DF80F718A}.Release|x64.Build.0 = Release|Any CPU
		{98452B67-0A4A-4E91-B152-FF1DF80F718A}.Release|x86.ActiveCfg = Release|Any CPU
		{98452B67-0A4A-4E91-B152-FF1DF80F718A}.Release-x64|Any CPU.ActiveCfg = Release|Any CPU
		{98452B67-0A4A-4E91-B152-FF1DF80F718A}.Release-x64|Any CPU.Build.0 = Release|Any CPU
		{98452B67-0A4A-4E91-B152-FF1DF80F718A}.Release-x64|x64.ActiveCfg = Release|Any CPU
		{98452B67-0A4A-4E91-B152-FF1DF80F718A}.Release-x64|x64.Build.0 = Release|Any CPU
		{98452B67-0A4A-4E91-B152-FF1DF80F718A}.Release-x64|x86.ActiveCfg = Release|Any CPU
		{98452B67-0A4A-4E91-B152-FF1DF80F718A}.Release-x86|Any CPU.ActiveCfg = Release|Any CPU
		{98452B67-0A4A-4E91-B152-FF1DF80F718A}.Release-x86|Any CPU.Build.0 = Release|Any CPU
		{98452B67-0A4A-4E91-B152-FF1DF80F718A}.Release-x86|x64.ActiveCfg = Release|Any CPU
		{98452B67-0A4A-4E91-B152-FF1DF80F718A}.Release-x86|x64.Build.0 = Release|Any CPU
		{98452B67-0A4A-4E91-B152-FF1DF80F718A}.Release-x86|x86.ActiveCfg = Release|Any CPU
		{393EFC8B-9DD0-4BAE-8464-88B0231FEF5F}.Debug (x64)|Any CPU.ActiveCfg = Debug|Any CPU
		{393EFC8B-9DD0-4BAE-8464-88B0231FEF5F}.Debug (x64)|Any CPU.Build.0 = Debug|Any CPU
		{393EFC8B-9DD0-4BAE-8464-88B0231FEF5F}.Debug (x64)|x64.ActiveCfg = Debug|Any CPU
		{393EFC8B-9DD0-4BAE-8464-88B0231FEF5F}.Debug (x64)|x86.ActiveCfg = Debug|Any CPU
		{393EFC8B-9DD0-4BAE-8464-88B0231FEF5F}.Debug|Any CPU.ActiveCfg = Debug|Any CPU
		{393EFC8B-9DD0-4BAE-8464-88B0231FEF5F}.Debug|Any CPU.Build.0 = Debug|Any CPU
		{393EFC8B-9DD0-4BAE-8464-88B0231FEF5F}.Debug|x64.ActiveCfg = Debug|Any CPU
		{393EFC8B-9DD0-4BAE-8464-88B0231FEF5F}.Debug|x86.ActiveCfg = Debug|Any CPU
		{393EFC8B-9DD0-4BAE-8464-88B0231FEF5F}.Debug-QA|Any CPU.ActiveCfg = Debug|Any CPU
		{393EFC8B-9DD0-4BAE-8464-88B0231FEF5F}.Debug-QA|Any CPU.Build.0 = Debug|Any CPU
		{393EFC8B-9DD0-4BAE-8464-88B0231FEF5F}.Debug-QA|x64.ActiveCfg = Debug|Any CPU
		{393EFC8B-9DD0-4BAE-8464-88B0231FEF5F}.Debug-QA|x86.ActiveCfg = Debug|Any CPU
		{393EFC8B-9DD0-4BAE-8464-88B0231FEF5F}.Release (x64)|Any CPU.ActiveCfg = Release|Any CPU
		{393EFC8B-9DD0-4BAE-8464-88B0231FEF5F}.Release (x64)|Any CPU.Build.0 = Release|Any CPU
		{393EFC8B-9DD0-4BAE-8464-88B0231FEF5F}.Release (x64)|x64.ActiveCfg = Release|Any CPU
		{393EFC8B-9DD0-4BAE-8464-88B0231FEF5F}.Release (x64)|x86.ActiveCfg = Release|Any CPU
		{393EFC8B-9DD0-4BAE-8464-88B0231FEF5F}.Release|Any CPU.ActiveCfg = Release|Any CPU
		{393EFC8B-9DD0-4BAE-8464-88B0231FEF5F}.Release|Any CPU.Build.0 = Release|Any CPU
		{393EFC8B-9DD0-4BAE-8464-88B0231FEF5F}.Release|x64.ActiveCfg = Release|Any CPU
		{393EFC8B-9DD0-4BAE-8464-88B0231FEF5F}.Release|x86.ActiveCfg = Release|Any CPU
		{393EFC8B-9DD0-4BAE-8464-88B0231FEF5F}.Release-x64|Any CPU.ActiveCfg = Release|Any CPU
		{393EFC8B-9DD0-4BAE-8464-88B0231FEF5F}.Release-x64|Any CPU.Build.0 = Release|Any CPU
		{393EFC8B-9DD0-4BAE-8464-88B0231FEF5F}.Release-x64|x64.ActiveCfg = Release|Any CPU
		{393EFC8B-9DD0-4BAE-8464-88B0231FEF5F}.Release-x64|x86.ActiveCfg = Release|Any CPU
		{393EFC8B-9DD0-4BAE-8464-88B0231FEF5F}.Release-x86|Any CPU.ActiveCfg = Release|Any CPU
		{393EFC8B-9DD0-4BAE-8464-88B0231FEF5F}.Release-x86|Any CPU.Build.0 = Release|Any CPU
		{393EFC8B-9DD0-4BAE-8464-88B0231FEF5F}.Release-x86|x64.ActiveCfg = Release|Any CPU
		{393EFC8B-9DD0-4BAE-8464-88B0231FEF5F}.Release-x86|x86.ActiveCfg = Release|Any CPU
	EndGlobalSection
	GlobalSection(SolutionProperties) = preSolution
		HideSolutionNode = FALSE
	EndGlobalSection
	GlobalSection(NestedProjects) = preSolution
		{8807828D-DB88-462A-875E-647240D48668} = {F361C563-3C94-4717-A36B-1A4289F5E775}
		{890D3BC7-7BBB-4722-B0AB-2A840379530B} = {F361C563-3C94-4717-A36B-1A4289F5E775}
		{98452B67-0A4A-4E91-B152-FF1DF80F718A} = {F361C563-3C94-4717-A36B-1A4289F5E775}
	EndGlobalSection
EndGlobal
